
Microsoft Visual Studio Solution File, Format Version 12.00
# Visual Studio Version 17
VisualStudioVersion = 17.4.33122.133
MinimumVisualStudioVersion = 10.0.40219.1
Project("{8BC9CEB8-8B4A-11D0-8D11-00A0C91BC942}") = "Day1", "Day1\Day1.vcxproj", "{C945669A-EF24-4644-A3AF-B55CAFDBA543}"
EndProject
Project("{8BC9CEB8-8B4A-11D0-8D11-00A0C91BC942}") = "Day2", "Day2\Day2.vcxproj", "{2818720D-0649-4CFB-B2BB-F592B5CF8CC8}"
EndProject
Global
	GlobalSection(SolutionConfigurationPlatforms) = preSolution
		Debug|x64 = Debug|x64
		Debug|x86 = Debug|x86
		Release|x64 = Release|x64
		Release|x86 = Release|x86
	EndGlobalSection
	GlobalSection(ProjectConfigurationPlatforms) = postSolution
		{C945669A-EF24-4644-A3AF-B55CAFDBA543}.Debug|x64.ActiveCfg = Debug|x64
		{C945669A-EF24-4644-A3AF-B55CAFDBA543}.Debug|x64.Build.0 = Debug|x64
		{C945669A-EF24-4644-A3AF-B55CAFDBA543}.Debug|x86.ActiveCfg = Debug|Win32
		{C945669A-EF24-4644-A3AF-B55CAFDBA543}.Debug|x86.Build.0 = Debug|Win32
		{C945669A-EF24-4644-A3AF-B55CAFDBA543}.Release|x64.ActiveCfg = Release|x64
		{C945669A-EF24-4644-A3AF-B55CAFDBA543}.Release|x64.Build.0 = Release|x64
		{C945669A-EF24-4644-A3AF-B55CAFDBA543}.Release|x86.ActiveCfg = Release|Win32
		{C945669A-EF24-4644-A3AF-B55CAFDBA543}.Release|x86.Build.0 = Release|Win32
		{2818720D-0649-4CFB-B2BB-F592B5CF8CC8}.Debug|x64.ActiveCfg = Debug|x64
		{2818720D-0649-4CFB-B2BB-F592B5CF8CC8}.Debug|x64.Build.0 = Debug|x64
		{2818720D-0649-4CFB-B2BB-F592B5CF8CC8}.Debug|x86.ActiveCfg = Debug|Win32
		{2818720D-0649-4CFB-B2BB-F592B5CF8CC8}.Debug|x86.Build.0 = Debug|Win32
		{2818720D-0649-4CFB-B2BB-F592B5CF8CC8}.Release|x64.ActiveCfg = Release|x64
		{2818720D-0649-4CFB-B2BB-F592B5CF8CC8}.Release|x64.Build.0 = Release|x64
		{2818720D-0649-4CFB-B2BB-F592B5CF8CC8}.Release|x86.ActiveCfg = Release|Win32
		{2818720D-0649-4CFB-B2BB-F592B5CF8CC8}.Release|x86.Build.0 = Release|Win32
	EndGlobalSection
	GlobalSection(SolutionProperties) = preSolution
		HideSolutionNode = FALSE
	EndGlobalSection
	GlobalSection(ExtensibilityGlobals) = postSolution
		SolutionGuid = {19E448E5-6970-4D24-B465-C6F67ACF3639}
	EndGlobalSection
EndGlobal
